
Microsoft Visual Studio Solution File, Format Version 12.00
# Visual Studio Version 17
VisualStudioVersion = 17.12.35707.178
MinimumVisualStudioVersion = 10.0.40219.1
Project("{FAE04EC0-301F-11D3-BF4B-00C04F79EFBC}") = "AuthService", "AuthService\AuthService.csproj", "{2836AE78-438F-4829-87DD-2E013551AD1D}"
	ProjectSection(ProjectDependencies) = postProject
		{9FD85612-22FD-47B1-9225-092FA2BB3F79} = {9FD85612-22FD-47B1-9225-092FA2BB3F79}
	EndProjectSection
EndProject
Project("{FAE04EC0-301F-11D3-BF4B-00C04F79EFBC}") = "GATEWAY", "GATEWAY\GATEWAY.csproj", "{4A0E3737-D42A-4DB0-91E4-DE6C5A575A7C}"
EndProject
Project("{FAE04EC0-301F-11D3-BF4B-00C04F79EFBC}") = "MessengerLib", "MessengerLib\MessengerLib.csproj", "{9FD85612-22FD-47B1-9225-092FA2BB3F79}"
EndProject
Project("{FAE04EC0-301F-11D3-BF4B-00C04F79EFBC}") = "MessageService", "MessageService\MessageService.csproj", "{18BFB113-7163-4630-AF90-AFC3BC8D1000}"
EndProject
Global
	GlobalSection(SolutionConfigurationPlatforms) = preSolution
		Debug|Any CPU = Debug|Any CPU
		Release|Any CPU = Release|Any CPU
	EndGlobalSection
	GlobalSection(ProjectConfigurationPlatforms) = postSolution
		{2836AE78-438F-4829-87DD-2E013551AD1D}.Debug|Any CPU.ActiveCfg = Debug|Any CPU
		{2836AE78-438F-4829-87DD-2E013551AD1D}.Debug|Any CPU.Build.0 = Debug|Any CPU
		{2836AE78-438F-4829-87DD-2E013551AD1D}.Release|Any CPU.ActiveCfg = Release|Any CPU
		{2836AE78-438F-4829-87DD-2E013551AD1D}.Release|Any CPU.Build.0 = Release|Any CPU
		{4A0E3737-D42A-4DB0-91E4-DE6C5A575A7C}.Debug|Any CPU.ActiveCfg = Debug|Any CPU
		{4A0E3737-D42A-4DB0-91E4-DE6C5A575A7C}.Debug|Any CPU.Build.0 = Debug|Any CPU
		{4A0E3737-D42A-4DB0-91E4-DE6C5A575A7C}.Release|Any CPU.ActiveCfg = Release|Any CPU
		{4A0E3737-D42A-4DB0-91E4-DE6C5A575A7C}.Release|Any CPU.Build.0 = Release|Any CPU
		{9FD85612-22FD-47B1-9225-092FA2BB3F79}.Debug|Any CPU.ActiveCfg = Debug|Any CPU
		{9FD85612-22FD-47B1-9225-092FA2BB3F79}.Debug|Any CPU.Build.0 = Debug|Any CPU
		{9FD85612-22FD-47B1-9225-092FA2BB3F79}.Release|Any CPU.ActiveCfg = Release|Any CPU
		{9FD85612-22FD-47B1-9225-092FA2BB3F79}.Release|Any CPU.Build.0 = Release|Any CPU
		{18BFB113-7163-4630-AF90-AFC3BC8D1000}.Debug|Any CPU.ActiveCfg = Debug|Any CPU
		{18BFB113-7163-4630-AF90-AFC3BC8D1000}.Debug|Any CPU.Build.0 = Debug|Any CPU
		{18BFB113-7163-4630-AF90-AFC3BC8D1000}.Release|Any CPU.ActiveCfg = Release|Any CPU
		{18BFB113-7163-4630-AF90-AFC3BC8D1000}.Release|Any CPU.Build.0 = Release|Any CPU
	EndGlobalSection
	GlobalSection(SolutionProperties) = preSolution
		HideSolutionNode = FALSE
	EndGlobalSection
EndGlobal
